<?xml version="1.0"?>
<Project ToolsVersion="4.0" xmlns="http://schemas.microsoft.com/developer/msbuild/2003">
	<ItemGroup>
		<ClCompile Include="src\ofApp.cpp">
			<Filter>src</Filter>
		</ClCompile>
		<ClCompile Include="src\main.cpp">
			<Filter>src</Filter>
		</ClCompile>
		<ClCompile Include="src\main.cpp">
			<Filter>src</Filter>
		</ClCompile>
		<ClCompile Include="src\ofApp.cpp">
			<Filter>src</Filter>
		</ClCompile>
		<ClCompile Include="..\..\..\OpenFrameworks\addons\ofxOsc\src\ofxOscBundle.cpp">
			<Filter>addons\ofxOsc\src</Filter>
		</ClCompile>
		<ClCompile Include="..\..\..\OpenFrameworks\addons\ofxOsc\src\ofxOscMessage.cpp">
			<Filter>addons\ofxOsc\src</Filter>
		</ClCompile>
		<ClCompile Include="..\..\..\OpenFrameworks\addons\ofxOsc\src\ofxOscParameterSync.cpp">
			<Filter>addons\ofxOsc\src</Filter>
		</ClCompile>
		<ClCompile Include="..\..\..\OpenFrameworks\addons\ofxOsc\src\ofxOscReceiver.cpp">
			<Filter>addons\ofxOsc\src</Filter>
		</ClCompile>
		<ClCompile Include="..\..\..\OpenFrameworks\addons\ofxOsc\src\ofxOscSender.cpp">
			<Filter>addons\ofxOsc\src</Filter>
		</ClCompile>
		<ClCompile Include="..\..\..\OpenFrameworks\addons\ofxOsc\libs\oscpack\src\ip\IpEndpointName.cpp">
			<Filter>addons\ofxOsc\libs\oscpack\src\ip</Filter>
		</ClCompile>
		<ClCompile Include="..\..\..\OpenFrameworks\addons\ofxOsc\libs\oscpack\src\ip\win32\NetworkingUtils.cpp">
			<Filter>addons\ofxOsc\libs\oscpack\src\ip\win32</Filter>
		</ClCompile>
		<ClCompile Include="..\..\..\OpenFrameworks\addons\ofxOsc\libs\oscpack\src\ip\win32\UdpSocket.cpp">
			<Filter>addons\ofxOsc\libs\oscpack\src\ip\win32</Filter>
		</ClCompile>
		<ClCompile Include="..\..\..\OpenFrameworks\addons\ofxOsc\libs\oscpack\src\osc\OscOutboundPacketStream.cpp">
			<Filter>addons\ofxOsc\libs\oscpack\src\osc</Filter>
		</ClCompile>
		<ClCompile Include="..\..\..\OpenFrameworks\addons\ofxOsc\libs\oscpack\src\osc\OscPrintReceivedElements.cpp">
			<Filter>addons\ofxOsc\libs\oscpack\src\osc</Filter>
		</ClCompile>
		<ClCompile Include="..\..\..\OpenFrameworks\addons\ofxOsc\libs\oscpack\src\osc\OscReceivedElements.cpp">
			<Filter>addons\ofxOsc\libs\oscpack\src\osc</Filter>
		</ClCompile>
		<ClCompile Include="..\..\..\OpenFrameworks\addons\ofxOsc\libs\oscpack\src\osc\OscTypes.cpp">
			<Filter>addons\ofxOsc\libs\oscpack\src\osc</Filter>
		</ClCompile>
		<ClCompile Include="..\..\..\OpenFrameworks\addons\ofxPoco\src\ofxXmlPoco.cpp">
			<Filter>addons\ofxPoco\src</Filter>
		</ClCompile>
		<ClCompile Include="..\..\..\OpenFrameworks\addons\ofxXmlSettings\src\ofxXmlSettings.cpp">
			<Filter>addons\ofxXmlSettings\src</Filter>
		</ClCompile>
		<ClCompile Include="..\..\..\OpenFrameworks\addons\ofxXmlSettings\libs\tinyxml.cpp">
			<Filter>addons\ofxXmlSettings\libs</Filter>
		</ClCompile>
		<ClCompile Include="..\..\..\OpenFrameworks\addons\ofxXmlSettings\libs\tinyxmlerror.cpp">
			<Filter>addons\ofxXmlSettings\libs</Filter>
		</ClCompile>
		<ClCompile Include="..\..\..\OpenFrameworks\addons\ofxXmlSettings\libs\tinyxmlparser.cpp">
			<Filter>addons\ofxXmlSettings\libs</Filter>
		</ClCompile>
		<ClCompile Include="..\..\..\ExternalAddons\ofxRemoteUI\src\ofxRemoteUI.cpp">
			<Filter>local_addons\ofxRemoteUI\src</Filter>
		</ClCompile>
		<ClCompile Include="..\..\..\ExternalAddons\ofxRemoteUI\src\ofxRemoteUIClient.cpp">
			<Filter>local_addons\ofxRemoteUI\src</Filter>
		</ClCompile>
		<ClCompile Include="..\..\..\ExternalAddons\ofxRemoteUI\src\ofxRemoteUINeigbors.cpp">
			<Filter>local_addons\ofxRemoteUI\src</Filter>
		</ClCompile>
		<ClCompile Include="..\..\..\ExternalAddons\ofxRemoteUI\src\ofxRemoteUIofParamaterSync.cpp">
			<Filter>local_addons\ofxRemoteUI\src</Filter>
		</ClCompile>
		<ClCompile Include="..\..\..\ExternalAddons\ofxRemoteUI\src\ofxRemoteUIServer.cpp">
			<Filter>local_addons\ofxRemoteUI\src</Filter>
		</ClCompile>
		<ClCompile Include="..\..\..\ExternalAddons\ofxRemoteUI\src\ofxRemoteUIWebServer.cpp">
			<Filter>local_addons\ofxRemoteUI\src</Filter>
		</ClCompile>
		<ClCompile Include="..\..\..\ExternalAddons\ofxRemoteUI\src\OscQueryServerMgr.cpp">
			<Filter>local_addons\ofxRemoteUI\src</Filter>
		</ClCompile>
		<ClCompile Include="..\..\..\ExternalAddons\ofxRemoteUI\src\RUIWebBinary.cpp">
			<Filter>local_addons\ofxRemoteUI\src</Filter>
		</ClCompile>
		<ClCompile Include="..\..\..\ExternalAddons\ofxRemoteUI\src\uriencode.cpp">
			<Filter>local_addons\ofxRemoteUI\src</Filter>
		</ClCompile>
		<ClCompile Include="..\..\..\ExternalAddons\ofxRTLS\src\IDDictionary.cpp">
			<Filter>local_addons\ofxRTLS\src</Filter>
		</ClCompile>
		<ClCompile Include="..\..\..\ExternalAddons\ofxRTLS\src\ofxRTLS.cpp">
			<Filter>local_addons\ofxRTLS\src</Filter>
		</ClCompile>
		<ClCompile Include="..\..\..\ExternalAddons\ofxRTLS\src\Trackable.pb.cc">
			<Filter>local_addons\ofxRTLS\src</Filter>
		</ClCompile>
		<ClCompile Include="..\..\..\ExternalAddons\ofxMotive\src\Marker.cpp">
			<Filter>local_addons\ofxMotive\src</Filter>
		</ClCompile>
		<ClCompile Include="..\..\..\ExternalAddons\ofxMotive\src\MotiveCamera.cpp">
			<Filter>local_addons\ofxMotive\src</Filter>
		</ClCompile>
		<ClCompile Include="..\..\..\ExternalAddons\ofxMotive\src\MotiveCameraSet.cpp">
			<Filter>local_addons\ofxMotive\src</Filter>
		</ClCompile>
		<ClCompile Include="..\..\..\ExternalAddons\ofxMotive\src\ofxMotive.cpp">
			<Filter>local_addons\ofxMotive\src</Filter>
		</ClCompile>
		<ClCompile Include="..\..\..\ExternalAddons\ofxMotive\src\Reconstruction.cpp">
			<Filter>local_addons\ofxMotive\src</Filter>
		</ClCompile>
	</ItemGroup>
	<ItemGroup>
		<Filter Include="src">
			<UniqueIdentifier>{d8376475-7454-4a24-b08a-aac121d3ad6f}</UniqueIdentifier>
		</Filter>
		<Filter Include="addons">
			<UniqueIdentifier>{71834F65-F3A9-211E-73B8-DC85}</UniqueIdentifier>
		</Filter>
		<Filter Include="addons\ofxOsc">
			<UniqueIdentifier>{D91DCA33-6E5D-4481-2AEC-9FBB}</UniqueIdentifier>
		</Filter>
		<Filter Include="addons\ofxOsc\src">
			<UniqueIdentifier>{B9DD339A-D93D-92A1-0A2F-4B41}</UniqueIdentifier>
		</Filter>
		<Filter Include="addons\ofxOsc\libs">
			<UniqueIdentifier>{99ECA1D9-873F-4622-8FC0-FC7B}</UniqueIdentifier>
		</Filter>
		<Filter Include="addons\ofxOsc\libs\oscpack">
			<UniqueIdentifier>{D3A98534-1602-4FEF-57A6-6593}</UniqueIdentifier>
		</Filter>
		<Filter Include="addons\ofxOsc\libs\oscpack\src">
			<UniqueIdentifier>{BFB5BB47-98C8-BBCB-3066-1046}</UniqueIdentifier>
		</Filter>
		<Filter Include="addons\ofxOsc\libs\oscpack\src\ip">
			<UniqueIdentifier>{5A029128-EB41-95C5-CBC0-CDED}</UniqueIdentifier>
		</Filter>
		<Filter Include="addons\ofxOsc\libs\oscpack\src\ip\win32">
			<UniqueIdentifier>{79DFDFE2-400B-8654-3675-01A3}</UniqueIdentifier>
		</Filter>
		<Filter Include="addons\ofxOsc\libs\oscpack\src\osc">
			<UniqueIdentifier>{EDACB89C-9768-9551-4D41-B590}</UniqueIdentifier>
		</Filter>
		<Filter Include="addons\ofxPoco">
			<UniqueIdentifier>{3256AE3E-9B29-EA27-C842-CE6B}</UniqueIdentifier>
		</Filter>
		<Filter Include="addons\ofxPoco\src">
			<UniqueIdentifier>{C7D4269D-D8A9-A7BB-531B-98DA}</UniqueIdentifier>
		</Filter>
		<Filter Include="addons\ofxXmlSettings">
			<UniqueIdentifier>{877F005D-13E6-0592-1D97-F2E3}</UniqueIdentifier>
		</Filter>
		<Filter Include="addons\ofxXmlSettings\src">
			<UniqueIdentifier>{CCB2AC63-49D2-977C-CFE8-AEAD}</UniqueIdentifier>
		</Filter>
		<Filter Include="addons\ofxXmlSettings\libs">
			<UniqueIdentifier>{687714A8-1662-FA1C-261F-50F0}</UniqueIdentifier>
		</Filter>
		<Filter Include="local_addons">
			<UniqueIdentifier>{DE6745C7-E99D-D8E0-F77D-C032}</UniqueIdentifier>
		</Filter>
		<Filter Include="local_addons\ofxRemoteUI">
			<UniqueIdentifier>{DFCB62F2-EABF-394F-4C42-54C8}</UniqueIdentifier>
		</Filter>
		<Filter Include="local_addons\ofxRemoteUI\src">
			<UniqueIdentifier>{0E8034BD-932E-4031-A20F-9C02}</UniqueIdentifier>
		</Filter>
		<Filter Include="local_addons\ofxRTLS">
			<UniqueIdentifier>{C74CF183-644B-C1F4-D712-6172}</UniqueIdentifier>
		</Filter>
		<Filter Include="local_addons\ofxRTLS\src">
			<UniqueIdentifier>{141E2C9B-FA16-C9EB-EFE6-F734}</UniqueIdentifier>
		</Filter>
		<Filter Include="local_addons\ofxMotive">
			<UniqueIdentifier>{91746FAC-D5DC-C5D3-0B6F-DAB1}</UniqueIdentifier>
		</Filter>
		<Filter Include="local_addons\ofxMotive\src">
			<UniqueIdentifier>{4CE75907-060E-5C70-DE78-C272}</UniqueIdentifier>
		</Filter>
	</ItemGroup>
	<ItemGroup>
		<ClInclude Include="src\ofApp.h">
			<Filter>src</Filter>
		</ClInclude>
		<ClInclude Include="src\ofApp.h">
			<Filter>src</Filter>
		</ClInclude>
		<ClInclude Include="..\..\..\OpenFrameworks\addons\ofxOsc\src\ofxOsc.h">
			<Filter>addons\ofxOsc\src</Filter>
		</ClInclude>
		<ClInclude Include="..\..\..\OpenFrameworks\addons\ofxOsc\src\ofxOscArg.h">
			<Filter>addons\ofxOsc\src</Filter>
		</ClInclude>
		<ClInclude Include="..\..\..\OpenFrameworks\addons\ofxOsc\src\ofxOscBundle.h">
			<Filter>addons\ofxOsc\src</Filter>
		</ClInclude>
		<ClInclude Include="..\..\..\OpenFrameworks\addons\ofxOsc\src\ofxOscMessage.h">
			<Filter>addons\ofxOsc\src</Filter>
		</ClInclude>
		<ClInclude Include="..\..\..\OpenFrameworks\addons\ofxOsc\src\ofxOscParameterSync.h">
			<Filter>addons\ofxOsc\src</Filter>
		</ClInclude>
		<ClInclude Include="..\..\..\OpenFrameworks\addons\ofxOsc\src\ofxOscReceiver.h">
			<Filter>addons\ofxOsc\src</Filter>
		</ClInclude>
		<ClInclude Include="..\..\..\OpenFrameworks\addons\ofxOsc\src\ofxOscSender.h">
			<Filter>addons\ofxOsc\src</Filter>
		</ClInclude>
		<ClInclude Include="..\..\..\OpenFrameworks\addons\ofxOsc\libs\oscpack\src\ip\IpEndpointName.h">
			<Filter>addons\ofxOsc\libs\oscpack\src\ip</Filter>
		</ClInclude>
		<ClInclude Include="..\..\..\OpenFrameworks\addons\ofxOsc\libs\oscpack\src\ip\NetworkingUtils.h">
			<Filter>addons\ofxOsc\libs\oscpack\src\ip</Filter>
		</ClInclude>
		<ClInclude Include="..\..\..\OpenFrameworks\addons\ofxOsc\libs\oscpack\src\ip\PacketListener.h">
			<Filter>addons\ofxOsc\libs\oscpack\src\ip</Filter>
		</ClInclude>
		<ClInclude Include="..\..\..\OpenFrameworks\addons\ofxOsc\libs\oscpack\src\ip\TimerListener.h">
			<Filter>addons\ofxOsc\libs\oscpack\src\ip</Filter>
		</ClInclude>
		<ClInclude Include="..\..\..\OpenFrameworks\addons\ofxOsc\libs\oscpack\src\ip\UdpSocket.h">
			<Filter>addons\ofxOsc\libs\oscpack\src\ip</Filter>
		</ClInclude>
		<ClInclude Include="..\..\..\OpenFrameworks\addons\ofxOsc\libs\oscpack\src\osc\MessageMappingOscPacketListener.h">
			<Filter>addons\ofxOsc\libs\oscpack\src\osc</Filter>
		</ClInclude>
		<ClInclude Include="..\..\..\OpenFrameworks\addons\ofxOsc\libs\oscpack\src\osc\OscException.h">
			<Filter>addons\ofxOsc\libs\oscpack\src\osc</Filter>
		</ClInclude>
		<ClInclude Include="..\..\..\OpenFrameworks\addons\ofxOsc\libs\oscpack\src\osc\OscHostEndianness.h">
			<Filter>addons\ofxOsc\libs\oscpack\src\osc</Filter>
		</ClInclude>
		<ClInclude Include="..\..\..\OpenFrameworks\addons\ofxOsc\libs\oscpack\src\osc\OscOutboundPacketStream.h">
			<Filter>addons\ofxOsc\libs\oscpack\src\osc</Filter>
		</ClInclude>
		<ClInclude Include="..\..\..\OpenFrameworks\addons\ofxOsc\libs\oscpack\src\osc\OscPacketListener.h">
			<Filter>addons\ofxOsc\libs\oscpack\src\osc</Filter>
		</ClInclude>
		<ClInclude Include="..\..\..\OpenFrameworks\addons\ofxOsc\libs\oscpack\src\osc\OscPrintReceivedElements.h">
			<Filter>addons\ofxOsc\libs\oscpack\src\osc</Filter>
		</ClInclude>
		<ClInclude Include="..\..\..\OpenFrameworks\addons\ofxOsc\libs\oscpack\src\osc\OscReceivedElements.h">
			<Filter>addons\ofxOsc\libs\oscpack\src\osc</Filter>
		</ClInclude>
		<ClInclude Include="..\..\..\OpenFrameworks\addons\ofxOsc\libs\oscpack\src\osc\OscTypes.h">
			<Filter>addons\ofxOsc\libs\oscpack\src\osc</Filter>
		</ClInclude>
		<ClInclude Include="..\..\..\OpenFrameworks\addons\ofxPoco\src\ofxXmlPoco.h">
			<Filter>addons\ofxPoco\src</Filter>
		</ClInclude>
		<ClInclude Include="..\..\..\OpenFrameworks\addons\ofxXmlSettings\src\ofxXmlSettings.h">
			<Filter>addons\ofxXmlSettings\src</Filter>
		</ClInclude>
		<ClInclude Include="..\..\..\OpenFrameworks\addons\ofxXmlSettings\libs\tinyxml.h">
			<Filter>addons\ofxXmlSettings\libs</Filter>
		</ClInclude>
		<ClInclude Include="..\..\..\ExternalAddons\ofxRemoteUI\src\dirent_vs.h">
			<Filter>local_addons\ofxRemoteUI\src</Filter>
		</ClInclude>
		<ClInclude Include="..\..\..\ExternalAddons\ofxRemoteUI\src\ofxRemoteUI.h">
			<Filter>local_addons\ofxRemoteUI\src</Filter>
		</ClInclude>
		<ClInclude Include="..\..\..\ExternalAddons\ofxRemoteUI\src\ofxRemoteUIClient.h">
			<Filter>local_addons\ofxRemoteUI\src</Filter>
		</ClInclude>
		<ClInclude Include="..\..\..\ExternalAddons\ofxRemoteUI\src\ofxRemoteUINeigbors.h">
			<Filter>local_addons\ofxRemoteUI\src</Filter>
		</ClInclude>
		<ClInclude Include="..\..\..\ExternalAddons\ofxRemoteUI\src\ofxRemoteUIofParamaterSync.h">
			<Filter>local_addons\ofxRemoteUI\src</Filter>
		</ClInclude>
		<ClInclude Include="..\..\..\ExternalAddons\ofxRemoteUI\src\ofxRemoteUIServer.h">
			<Filter>local_addons\ofxRemoteUI\src</Filter>
		</ClInclude>
		<ClInclude Include="..\..\..\ExternalAddons\ofxRemoteUI\src\ofxRemoteUIServerMacros.h">
			<Filter>local_addons\ofxRemoteUI\src</Filter>
		</ClInclude>
		<ClInclude Include="..\..\..\ExternalAddons\ofxRemoteUI\src\ofxRemoteUISimpleNotifications.h">
			<Filter>local_addons\ofxRemoteUI\src</Filter>
		</ClInclude>
		<ClInclude Include="..\..\..\ExternalAddons\ofxRemoteUI\src\ofxRemoteUIVars.h">
			<Filter>local_addons\ofxRemoteUI\src</Filter>
		</ClInclude>
		<ClInclude Include="..\..\..\ExternalAddons\ofxRemoteUI\src\ofxRemoteUIWebServer.h">
			<Filter>local_addons\ofxRemoteUI\src</Filter>
		</ClInclude>
		<ClInclude Include="..\..\..\ExternalAddons\ofxRemoteUI\src\OscQueryServerMgr.h">
			<Filter>local_addons\ofxRemoteUI\src</Filter>
		</ClInclude>
		<ClInclude Include="..\..\..\ExternalAddons\ofxRemoteUI\src\RemoteParam.h">
			<Filter>local_addons\ofxRemoteUI\src</Filter>
		</ClInclude>
		<ClInclude Include="..\..\..\ExternalAddons\ofxRemoteUI\src\uriencode.h">
			<Filter>local_addons\ofxRemoteUI\src</Filter>
		</ClInclude>
		<ClInclude Include="..\..\..\ExternalAddons\ofxRTLS\src\IDDictionary.h">
			<Filter>local_addons\ofxRTLS\src</Filter>
		</ClInclude>
		<ClInclude Include="..\..\..\ExternalAddons\ofxRTLS\src\ofxRTLS.h">
			<Filter>local_addons\ofxRTLS\src</Filter>
		</ClInclude>
		<ClInclude Include="..\..\..\ExternalAddons\ofxRTLS\src\Trackable.pb.h">
			<Filter>local_addons\ofxRTLS\src</Filter>
		</ClInclude>
		<ClInclude Include="..\..\..\ExternalAddons\ofxMotive\src\Marker.h">
			<Filter>local_addons\ofxMotive\src</Filter>
		</ClInclude>
		<ClInclude Include="..\..\..\ExternalAddons\ofxMotive\src\MotiveCamera.h">
			<Filter>local_addons\ofxMotive\src</Filter>
		</ClInclude>
		<ClInclude Include="..\..\..\ExternalAddons\ofxMotive\src\MotiveCameraSet.h">
			<Filter>local_addons\ofxMotive\src</Filter>
		</ClInclude>
		<ClInclude Include="..\..\..\ExternalAddons\ofxMotive\src\ofxMotive.h">
			<Filter>local_addons\ofxMotive\src</Filter>
		</ClInclude>
		<ClInclude Include="..\..\..\ExternalAddons\ofxMotive\src\Reconstruction.h">
			<Filter>local_addons\ofxMotive\src</Filter>
		</ClInclude>
	</ItemGroup>
	<ItemGroup>
		<ResourceCompile Include="icon.rc" />
	</ItemGroup>
</Project>
